dependencies:
- name: frontend
  repository: file://charts/frontend
  version: 0.1.0
- name: backend
  repository: file://charts/backend
  version: 0.1.0
- name: database
  repository: file://charts/database
  version: 0.1.0
digest: sha256:7664416d40eb3087c55c2af16930185420a597a8d60401655a98c435d09d2963
generated: "2026-02-24T02:46:53.3732154+05:00"
